{
  "name": "@mft/eslint-config-momentumft",
  "version": "4.0.0",
  "lockfileVersion": 1,
  "requires": true,
  "dependencies": {
    "eslint-plugin-react-hooks": {
      "version": "2.1.2",
      "resolved": "https://registry.npmjs.org/eslint-plugin-react-hooks/-/eslint-plugin-react-hooks-2.1.2.tgz",
      "integrity": "sha512-ZR+AyesAUGxJAyTFlF3MbzeVHAcQTFQt1fFVe5o0dzY/HFoj1dgQDMoIkiM+ltN/HhlHBYX4JpJwYonjxsyQMA==",
      "dev": true
    }
  }
}
